PODS:
  - MJExtension (3.0.17)
  - MJRefresh (3.2.0)
  - QRCodeReaderViewController (3.5.2)
  - SGQRCode (3.0.1)
  - SVProgressHUD (2.2.5)
  - UMCAnalytics (6.0.3):
    - UMCCommon
  - UMCCommon (2.0.1)
  - UMCErrorCatch (1.0.0):
    - UMCCommon
  - UMCSecurityPlugins (1.0.6)
  - UMengUShare/Core (6.4.8.2):
    - UMengUShare/Network
  - UMengUShare/Network (6.4.8.2)
  - UMengUShare/Social/QQ (6.4.8.2):
    - UMengUShare/Core
    - UMengUShare/Social/ReducedQQ
  - UMengUShare/Social/ReducedQQ (6.4.8.2):
    - UMengUShare/Core
  - UMengUShare/Social/ReducedSina (6.4.8.2):
    - UMengUShare/Core
  - UMengUShare/Social/ReducedWeChat (6.4.8.2):
    - UMengUShare/Core
  - UMengUShare/Social/Sina (6.4.8.2):
    - UMengUShare/Core
    - UMengUShare/Social/ReducedSina
  - UMengUShare/Social/WeChat (6.4.8.2):
    - UMengUShare/Core
    - UMengUShare/Social/ReducedWeChat
  - UMengUShare/UI (6.4.8.2):
    - UMengUShare/Core

DEPENDENCIES:
  - MJExtension
  - MJRefresh
  - QRCodeReaderViewController (from `https://github.com/zhengjinghua/MQRCodeReaderViewController.git`)
  - SGQRCode (~> 3.0.1)
  - SVProgressHUD
  - UMCAnalytics
  - UMCCommon
  - UMCErrorCatch
  - UMCSecurityPlugins
  - UMengUShare/Social/QQ
  - UMengUShare/Social/Sina
  - UMengUShare/Social/WeChat
  - UMengUShare/UI

SPEC REPOS:
  https://github.com/cocoapods/specs.git:
    - MJExtension
    - MJRefresh
    - SGQRCode
    - SVProgressHUD
    - UMCAnalytics
    - UMCCommon
    - UMCErrorCatch
    - UMCSecurityPlugins
    - UMengUShare

EXTERNAL SOURCES:
  QRCodeReaderViewController:
    :git: https://github.com/zhengjinghua/MQRCodeReaderViewController.git

CHECKOUT OPTIONS:
  QRCodeReaderViewController:
    :commit: 6370cd1cd7b8f312df7d1b8ca912c05ff19498f1
    :git: https://github.com/zhengjinghua/MQRCodeReaderViewController.git

SPEC CHECKSUMS:
  MJExtension: 74ec83124a68891619fb7ba9c5c811bbf1691076
  MJRefresh: ed450d6eb9d3346a2cb033ab7eb6de090aeef437
  QRCodeReaderViewController: 557e3291d8fe8adf20d62b7f6bd79a3941f8ec31
  SGQRCode: bf02d60e18d6660a9d75ff1c8b9b467f064f054e
  SVProgressHUD: 1428aafac632c1f86f62aa4243ec12008d7a51d6
  UMCAnalytics: ff58714ada407682c4a07548156f94bcec92f055
  UMCCommon: 0263a057a2e1ae1da4c8308541e56904a493ce13
  UMCErrorCatch: 51f1b68f920233e90a3fa6d51f0456174507ec78
  UMCSecurityPlugins: 0831a08f3988f3cea9f1d3a7626cd9bee4fef150
  UMengUShare: 370d180101e13ee0227ae657ab119ba97243d2b3

PODFILE CHECKSUM: 77807ffc34416824cc1e99818d73b03994a84aba

COCOAPODS: 1.7.0
